// !$*UTF8*$!
{
	archiveVersion = 1;
	classes = {
	};
	objectVersion = 56;
	objects = {

/* Begin PBXBuildFile section */
		52CBA85228E32A6800C4DDF7 /* MyFirstSwiftAppApp.swift in Sources */ = {isa = PBXBuildFile; fileRef = 52CBA85128E32A6800C4DDF7 /* MyFirstSwiftAppApp.swift */; };
		52CBA85428E32A6800C4DDF7 /* ContentView.swift in Sources */ = {isa = PBXBuildFile; fileRef = 52CBA85328E32A6800C4DDF7 /* ContentView.swift */; };
		52CBA85628E32A6B00C4DDF7 /* Assets.xcassets in Resources */ = {isa = PBXBuildFile; fileRef = 52CBA85528E32A6B00C4DDF7 /* Assets.xcassets */; };
		52CBA85A28E32A6B00C4DDF7 /* Preview Assets.xcassets in Resources */ = {isa = PBXBuildFile; fileRef = 52CBA85928E32A6B00C4DDF7 /* Preview Assets.xcassets */; };
		52CBA86428E32A6B00C4DDF7 /* MyFirstSwiftAppTests.swift in Sources */ = {isa = PBXBuildFile; fileRef = 52CBA86328E32A6B00C4DDF7 /* MyFirstSwiftAppTests.swift */; };
		52CBA86E28E32A6B00C4DDF7 /* MyFirstSwiftAppUITests.swift in Sources */ = {isa = PBXBuildFile; fileRef = 52CBA86D28E32A6B00C4DDF7 /* MyFirstSwiftAppUITests.swift */; };
		52CBA87028E32A6B00C4DDF7 /* MyFirstSwiftAppUITestsLaunchTests.swift in Sources */ = {isa = PBXBuildFile; fileRef = 52CBA86F28E32A6B00C4DDF7 /* MyFirstSwiftAppUITestsLaunchTests.swift */; };
		52F4515228E33AD400079690 /* Launch Screen.storyboard in Resources */ = {isa = PBXBuildFile; fileRef = 52F4515128E33AD400079690 /* Launch Screen.storyboard */; };
/* End PBXBuildFile section */

/* Begin PBXContainerItemProxy section */
		52CBA86028E32A6B00C4DDF7 /* PBXContainerItemProxy */ = {
			isa = PBXContainerItemProxy;
			containerPortal = 52CBA84628E32A6800C4DDF7 /* Project object */;
			proxyType = 1;
			remoteGlobalIDString = 52CBA84D28E32A6800C4DDF7;
			remoteInfo = MyFirstSwiftApp;
		};
		52CBA86A28E32A6B00C4DDF7 /* PBXContainerItemProxy */ = {
			isa = PBXContainerItemProxy;
			containerPortal = 52CBA84628E32A6800C4DDF7 /* Project object */;
			proxyType = 1;
			remoteGlobalIDString = 52CBA84D28E32A6800C4DDF7;
			remoteInfo = MyFirstSwiftApp;
		};
/* End PBXContainerItemProxy section */

/* Begin PBXFileReference section */
		52CBA84E28E32A6800C4DDF7 /* MyFirstSwiftApp.app */ = {isa = PBXFileReference; explicitFileType = wrapper.application; includeInIndex = 0; path = MyFirstSwiftApp.app; sourceTree = BUILT_PRODUCTS_DIR; };
		52CBA85128E32A6800C4DDF7 /* MyFirstSwiftAppApp.swift */ = {isa = PBXFileReference; lastKnownFileType = sourcecode.swift; path = MyFirstSwiftAppApp.swift; sourceTree = "<group>"; };
		52CBA85328E32A6800C4DDF7 /* ContentView.swift */ = {isa = PBXFileReference; lastKnownFileType = sourcecode.swift; path = ContentView.swift; sourceTree = "<group>"; };
		52CBA85528E32A6B00C4DDF7 /* Assets.xcassets */ = {isa = PBXFileReference; lastKnownFileType = folder.assetcatalog; path = Assets.xcassets; sourceTree = "<group>"; };
		52CBA85728E32A6B00C4DDF7 /* MyFirstSwiftApp.entitlements */ = {isa = PBXFileReference; lastKnownFileType = text.plist.entitlements; path = MyFirstSwiftApp.entitlements; sourceTree = "<group>"; };
		52CBA85928E32A6B00C4DDF7 /* Preview Assets.xcassets */ = {isa = PBXFileReference; lastKnownFileType = folder.assetcatalog; path = "Preview Assets.xcassets"; sourceTree = "<group>"; };
		52CBA85F28E32A6B00C4DDF7 /* MyFirstSwiftAppTests.xctest */ = {isa = PBXFileReference; explicitFileType = wrapper.cfbundle; includeInIndex = 0; path = MyFirstSwiftAppTests.xctest; sourceTree = BUILT_PRODUCTS_DIR; };
		52CBA86328E32A6B00C4DDF7 /* MyFirstSwiftAppTests.swift */ = {isa = PBXFileReference; lastKnownFileType = sourcecode.swift; path = MyFirstSwiftAppTests.swift; sourceTree = "<group>"; };
		52CBA86928E32A6B00C4DDF7 /* MyFirstSwiftAppUITests.xctest */ = {isa = PBXFileReference; explicitFileType = wrapper.cfbundle; includeInIndex = 0; path = MyFirstSwiftAppUITests.xctest; sourceTree = BUILT_PRODUCTS_DIR; };
		52CBA86D28E32A6B00C4DDF7 /* MyFirstSwiftAppUITests.swift */ = {isa = PBXFileReference; lastKnownFileType = sourcecode.swift; path = MyFirstSwiftAppUITests.swift; sourceTree = "<group>"; };
		52CBA86F28E32A6B00C4DDF7 /* MyFirstSwiftAppUITestsLaunchTests.swift */ = {isa = PBXFileReference; lastKnownFileType = sourcecode.swift; path = MyFirstSwiftAppUITestsLaunchTests.swift; sourceTree = "<group>"; };
		52F4515128E33AD400079690 /* Launch Screen.storyboard */ = {isa = PBXFileReference; lastKnownFileType = file.storyboard; path = "Launch Screen.storyboard"; sourceTree = "<group>"; };
/* End PBXFileReference section */

/* Begin PBXFrameworksBuildPhase section */
		52CBA84B28E32A6800C4DDF7 /* Frameworks */ = {
			isa = PBXFrameworksBuildPhase;
			buildActionMask = 2147483647;
			files = (
			);
			runOnlyForDeploymentPostprocessing = 0;
		};
		52CBA85C28E32A6B00C4DDF7 /* Frameworks */ = {
			isa = PBXFrameworksBuildPhase;
			buildActionMask = 2147483647;
			files = (
			);
			runOnlyForDeploymentPostprocessing = 0;
		};
		52CBA86628E32A6B00C4DDF7 /* Frameworks */ = {
			isa = PBXFrameworksBuildPhase;
			buildActionMask = 2147483647;
			files = (
			);
			runOnlyForDeploymentPostprocessing = 0;
		};
/* End PBXFrameworksBuildPhase section */

/* Begin PBXGroup section */
		52CBA84528E32A6800C4DDF7 = {
			isa = PBXGroup;
			children = (
				52CBA85028E32A6800C4DDF7 /* MyFirstSwiftApp */,
				52CBA86228E32A6B00C4DDF7 /* MyFirstSwiftAppTests */,
				52CBA86C28E32A6B00C4DDF7 /* MyFirstSwiftAppUITests */,
				52CBA84F28E32A6800C4DDF7 /* Products */,
			);
			sourceTree = "<group>";
		};
		52CBA84F28E32A6800C4DDF7 /* Products */ = {
			isa = PBXGroup;
			children = (
				52CBA84E28E32A6800C4DDF7 /* MyFirstSwiftApp.app */,
				52CBA85F28E32A6B00C4DDF7 /* MyFirstSwiftAppTests.xctest */,
				52CBA86928E32A6B00C4DDF7 /* MyFirstSwiftAppUITests.xctest */,
			);
			name = Products;
			sourceTree = "<group>";
		};
		52CBA85028E32A6800C4DDF7 /* MyFirstSwiftApp */ = {
			isa = PBXGroup;
			children = (
				52CBA85128E32A6800C4DDF7 /* MyFirstSwiftAppApp.swift */,
				52CBA85328E32A6800C4DDF7 /* ContentView.swift */,
				52CBA85528E32A6B00C4DDF7 /* Assets.xcassets */,
				52F4515128E33AD400079690 /* Launch Screen.storyboard */,
				52CBA85728E32A6B00C4DDF7 /* MyFirstSwiftApp.entitlements */,
				52CBA85828E32A6B00C4DDF7 /* Preview Content */,
			);
			path = MyFirstSwiftApp;
			sourceTree = "<group>";
		};
		52CBA85828E32A6B00C4DDF7 /* Preview Content */ = {
			isa = PBXGroup;
			children = (
				52CBA85928E32A6B00C4DDF7 /* Preview Assets.xcassets */,
			);
			path = "Preview Content";
			sourceTree = "<group>";
		};
		52CBA86228E32A6B00C4DDF7 /* MyFirstSwiftAppTests */ = {
			isa = PBXGroup;
			children = (
				52CBA86328E32A6B00C4DDF7 /* MyFirstSwiftAppTests.swift */,
			);
			path = MyFirstSwiftAppTests;
			sourceTree = "<group>";
		};
		52CBA86C28E32A6B00C4DDF7 /* MyFirstSwiftAppUITests */ = {
			isa = PBXGroup;
			children = (
				52CBA86D28E32A6B00C4DDF7 /* MyFirstSwiftAppUITests.swift */,
				52CBA86F28E32A6B00C4DDF7 /* MyFirstSwiftAppUITestsLaunchTests.swift */,
			);
			path = MyFirstSwiftAppUITests;
			sourceTree = "<group>";
		};
/* End PBXGroup section */

/* Begin PBXNativeTarget section */
		52CBA84D28E32A6800C4DDF7 /* MyFirstSwiftApp */ = {
			isa = PBXNativeTarget;
			buildConfigurationList = 52CBA87328E32A6B00C4DDF7 /* Build configuration list for PBXNativeTarget "MyFirstSwiftApp" */;
			buildPhases = (
				52CBA84A28E32A6800C4DDF7 /* Sources */,
				52CBA84B28E32A6800C4DDF7 /* Frameworks */,
				52CBA84C28E32A6800C4DDF7 /* Resources */,
			);
			buildRules = (
			);
			dependencies = (
			);
			name = MyFirstSwiftApp;
			productName = MyFirstSwiftApp;
			productReference = 52CBA84E28E32A6800C4DDF7 /* MyFirstSwiftApp.app */;
			productType = "com.apple.product-type.application";
		};
		52CBA85E28E32A6B00C4DDF7 /* MyFirstSwiftAppTests */ = {
			isa = PBXNativeTarget;
			buildConfigurationList = 52CBA87628E32A6B00C4DDF7 /* Build configuration list for PBXNativeTarget "MyFirstSwiftAppTests" */;
			buildPhases = (
				52CBA85B28E32A6B00C4DDF7 /* Sources */,
				52CBA85C28E32A6B00C4DDF7 /* Frameworks */,
				52CBA85D28E32A6B00C4DDF7 /* Resources */,
			);
			buildRules = (
			);
			dependencies = (
				52CBA86128E32A6B00C4DDF7 /* PBXTargetDependency */,
			);
			name = MyFirstSwiftAppTests;
			productName = MyFirstSwiftAppTests;
			productReference = 52CBA85F28E32A6B00C4DDF7 /* MyFirstSwiftAppTests.xctest */;
			productType = "com.apple.product-type.bundle.unit-test";
		};
		52CBA86828E32A6B00C4DDF7 /* MyFirstSwiftAppUITests */ = {
			isa = PBXNativeTarget;
			buildConfigurationList = 52CBA87928E32A6B00C4DDF7 /* Build configuration list for PBXNativeTarget "MyFirstSwiftAppUITests" */;
			buildPhases = (
				52CBA86528E32A6B00C4DDF7 /* Sources */,
				52CBA86628E32A6B00C4DDF7 /* Frameworks */,
				52CBA86728E32A6B00C4DDF7 /* Resources */,
			);
			buildRules = (
			);
			dependencies = (
				52CBA86B28E32A6B00C4DDF7 /* PBXTargetDependency */,
			);
			name = MyFirstSwiftAppUITests;
			productName = MyFirstSwiftAppUITests;
			productReference = 52CBA86928E32A6B00C4DDF7 /* MyFirstSwiftAppUITests.xctest */;
			productType = "com.apple.product-type.bundle.ui-testing";
		};
/* End PBXNativeTarget section */

/* Begin PBXProject section */
		52CBA84628E32A6800C4DDF7 /* Project object */ = {
			isa = PBXProject;
			attributes = {
				BuildIndependentTargetsInParallel = 1;
				LastSwiftUpdateCheck = 1400;
				LastUpgradeCheck = 1400;
				TargetAttributes = {
					52CBA84D28E32A6800C4DDF7 = {
						CreatedOnToolsVersion = 14.0;
					};
					52CBA85E28E32A6B00C4DDF7 = {
						CreatedOnToolsVersion = 14.0;
						TestTargetID = 52CBA84D28E32A6800C4DDF7;
					};
					52CBA86828E32A6B00C4DDF7 = {
						CreatedOnToolsVersion = 14.0;
						TestTargetID = 52CBA84D28E32A6800C4DDF7;
					};
				};
			};
			buildConfigurationList = 52CBA84928E32A6800C4DDF7 /* Build configuration list for PBXProject "MyFirstSwiftApp" */;
			compatibilityVersion = "Xcode 14.0";
			developmentRegion = en;
			hasScannedForEncodings = 0;
			knownRegions = (
				en,
				Base,
			);
			mainGroup = 52CBA84528E32A6800C4DDF7;
			productRefGroup = 52CBA84F28E32A6800C4DDF7 /* Products */;
			projectDirPath = "";
			projectRoot = "";
			targets = (
				52CBA84D28E32A6800C4DDF7 /* MyFirstSwiftApp */,
				52CBA85E28E32A6B00C4DDF7 /* MyFirstSwiftAppTests */,
				52CBA86828E32A6B00C4DDF7 /* MyFirstSwiftAppUITests */,
			);
		};
/* End PBXProject section */

/* Begin PBXResourcesBuildPhase section */
		52CBA84C28E32A6800C4DDF7 /* Resources */ = {
			isa = PBXResourcesBuildPhase;
			buildActionMask = 2147483647;
			files = (
				52F4515228E33AD400079690 /* Launch Screen.storyboard in Resources */,
				52CBA85A28E32A6B00C4DDF7 /* Preview Assets.xcassets in Resources */,
				52CBA85628E32A6B00C4DDF7 /* Assets.xcassets in Resources */,
			);
			runOnlyForDeploymentPostprocessing = 0;
		};
		52CBA85D28E32A6B00C4DDF7 /* Resources */ = {
			isa = PBXResourcesBuildPhase;
			buildActionMask = 2147483647;
			files = (
			);
			runOnlyForDeploymentPostprocessing = 0;
		};
		52CBA86728E32A6B00C4DDF7 /* Resources */ = {
			isa = PBXResourcesBuildPhase;
			buildActionMask = 2147483647;
			files = (
			);
			runOnlyForDeploymentPostprocessing = 0;
		};
/* End PBXResourcesBuildPhase section */

/* Begin PBXSourcesBuildPhase section */
		52CBA84A28E32A6800C4DDF7 /* Sources */ = {
			isa = PBXSourcesBuildPhase;
			buildActionMask = 2147483647;
			files = (
				52CBA85428E32A6800C4DDF7 /* ContentView.swift in Sources */,
				52CBA85228E32A6800C4DDF7 /* MyFirstSwiftAppApp.swift in Sources */,
			);
			runOnlyForDeploymentPostprocessing = 0;
		};
		52CBA85B28E32A6B00C4DDF7 /* Sources */ = {
			isa = PBXSourcesBuildPhase;
			buildActionMask = 2147483647;
			files = (
				52CBA86428E32A6B00C4DDF7 /* MyFirstSwiftAppTests.swift in Sources */,
			);
			runOnlyForDeploymentPostprocessing = 0;
		};
		52CBA86528E32A6B00C4DDF7 /* Sources */ = {
			isa = PBXSourcesBuildPhase;
			buildActionMask = 2147483647;
			files = (
				52CBA86E28E32A6B00C4DDF7 /* MyFirstSwiftAppUITests.swift in Sources */,
				52CBA87028E32A6B00C4DDF7 /* MyFirstSwiftAppUITestsLaunchTests.swift in Sources */,
			);
			runOnlyForDeploymentPostprocessing = 0;
		};
/* End PBXSourcesBuildPhase section */

/* Begin PBXTargetDependency section */
		52CBA86128E32A6B00C4DDF7 /* PBXTargetDependency */ = {
			isa = PBXTargetDependency;
			target = 52CBA84D28E32A6800C4DDF7 /* MyFirstSwiftApp */;
			targetProxy = 52CBA86028E32A6B00C4DDF7 /* PBXContainerItemProxy */;
		};
		52CBA86B28E32A6B00C4DDF7 /* PBXTargetDependency */ = {
			isa = PBXTargetDependency;
			target = 52CBA84D28E32A6800C4DDF7 /* MyFirstSwiftApp */;
			targetProxy = 52CBA86A28E32A6B00C4DDF7 /* PBXContainerItemProxy */;
		};
/* End PBXTargetDependency section */

/* Begin XCBuildConfiguration section */
		52CBA87128E32A6B00C4DDF7 /* Debug */ = {
			isa = XCBuildConfiguration;
			buildSettings = {
				ALWAYS_SEARCH_USER_PATHS = NO;
				CLANG_ANALYZER_NONNULL = YES;
				CLANG_ANALYZER_NUMBER_OBJECT_CONVERSION = YES_AGGRESSIVE;
				CLANG_CXX_LANGUAGE_STANDARD = "gnu++20";
				CLANG_ENABLE_MODULES = YES;
				CLANG_ENABLE_OBJC_ARC = YES;
				CLANG_ENABLE_OBJC_WEAK = YES;
				CLANG_WARN_BLOCK_CAPTURE_AUTORELEASING = YES;
				CLANG_WARN_BOOL_CONVERSION = YES;
				CLANG_WARN_COMMA = YES;
				CLANG_WARN_CONSTANT_CONVERSION = YES;
				CLANG_WARN_DEPRECATED_OBJC_IMPLEMENTATIONS = YES;
				CLANG_WARN_DIRECT_OBJC_ISA_USAGE = YES_ERROR;
				CLANG_WARN_DOCUMENTATION_COMMENTS = YES;
				CLANG_WARN_EMPTY_BODY = YES;
				CLANG_WARN_ENUM_CONVERSION = YES;
				CLANG_WARN_INFINITE_RECURSION = YES;
				CLANG_WARN_INT_CONVERSION = YES;
				CLANG_WARN_NON_LITERAL_NULL_CONVERSION = YES;
				CLANG_WARN_OBJC_IMPLICIT_RETAIN_SELF = YES;
				CLANG_WARN_OBJC_LITERAL_CONVERSION = YES;
				CLANG_WARN_OBJC_ROOT_CLASS = YES_ERROR;
				CLANG_WARN_QUOTED_INCLUDE_IN_FRAMEWORK_HEADER = YES;
				CLANG_WARN_RANGE_LOOP_ANALYSIS = YES;
				CLANG_WARN_STRICT_PROTOTYPES = YES;
				CLANG_WARN_SUSPICIOUS_MOVE = YES;
				CLANG_WARN_UNGUARDED_AVAILABILITY = YES_AGGRESSIVE;
				CLANG_WARN_UNREACHABLE_CODE = YES;
				CLANG_WARN__DUPLICATE_METHOD_MATCH = YES;
				COPY_PHASE_STRIP = NO;
				DEBUG_INFORMATION_FORMAT = dwarf;
				ENABLE_STRICT_OBJC_MSGSEND = YES;
				ENABLE_TESTABILITY = YES;
				GCC_C_LANGUAGE_STANDARD = gnu11;
				GCC_DYNAMIC_NO_PIC = NO;
				GCC_NO_COMMON_BLOCKS = YES;
				GCC_OPTIMIZATION_LEVEL = 0;
				GCC_PREPROCESSOR_DEFINITIONS = (
					"DEBUG=1",
					"$(inherited)",
				);
				GCC_WARN_64_TO_32_BIT_CONVERSION = YES;
				GCC_WARN_ABOUT_RETURN_TYPE = YES_ERROR;
				GCC_WARN_UNDECLARED_SELECTOR = YES;
				GCC_WARN_UNINITIALIZED_AUTOS = YES_AGGRESSIVE;
				GCC_WARN_UNUSED_FUNCTION = YES;
				GCC_WARN_UNUSED_VARIABLE = YES;
				MTL_ENABLE_DEBUG_INFO = INCLUDE_SOURCE;
				MTL_FAST_MATH = YES;
				ONLY_ACTIVE_ARCH = YES;
				SWIFT_ACTIVE_COMPILATION_CONDITIONS = DEBUG;
				SWIFT_OPTIMIZATION_LEVEL = "-Onone";
			};
			name = Debug;
		};
		52CBA87228E32A6B00C4DDF7 /* Release */ = {
			isa = XCBuildConfiguration;
			buildSettings = {
				ALWAYS_SEARCH_USER_PATHS = NO;
				CLANG_ANALYZER_NONNULL = YES;
				CLANG_ANALYZER_NUMBER_OBJECT_CONVERSION = YES_AGGRESSIVE;
				CLANG_CXX_LANGUAGE_STANDARD = "gnu++20";
				CLANG_ENABLE_MODULES = YES;
				CLANG_ENABLE_OBJC_ARC = YES;
				CLANG_ENABLE_OBJC_WEAK = YES;
				CLANG_WARN_BLOCK_CAPTURE_AUTORELEASING = YES;
				CLANG_WARN_BOOL_CONVERSION = YES;
				CLANG_WARN_COMMA = YES;
				CLANG_WARN_CONSTANT_CONVERSION = YES;
				CLANG_WARN_DEPRECATED_OBJC_IMPLEMENTATIONS = YES;
				CLANG_WARN_DIRECT_OBJC_ISA_USAGE = YES_ERROR;
				CLANG_WARN_DOCUMENTATION_COMMENTS = YES;
				CLANG_WARN_EMPTY_BODY = YES;
				CLANG_WARN_ENUM_CONVERSION = YES;
				CLANG_WARN_INFINITE_RECURSION = YES;
				CLANG_WARN_INT_CONVERSION = YES;
				CLANG_WARN_NON_LITERAL_NULL_CONVERSION = YES;
				CLANG_WARN_OBJC_IMPLICIT_RETAIN_SELF = YES;
				CLANG_WARN_OBJC_LITERAL_CONVERSION = YES;
				CLANG_WARN_OBJC_ROOT_CLASS = YES_ERROR;
				CLANG_WARN_QUOTED_INCLUDE_IN_FRAMEWORK_HEADER = YES;
				CLANG_WARN_RANGE_LOOP_ANALYSIS = YES;
				CLANG_WARN_STRICT_PROTOTYPES = YES;
				CLANG_WARN_SUSPICIOUS_MOVE = YES;
				CLANG_WARN_UNGUARDED_AVAILABILITY = YES_AGGRESSIVE;
				CLANG_WARN_UNREACHABLE_CODE = YES;
				CLANG_WARN__DUPLICATE_METHOD_MATCH = YES;
				COPY_PHASE_STRIP = NO;
				DEBUG_INFORMATION_FORMAT = "dwarf-with-dsym";
				ENABLE_NS_ASSERTIONS = NO;
				ENABLE_STRICT_OBJC_MSGSEND = YES;
				GCC_C_LANGUAGE_STANDARD = gnu11;
				GCC_NO_COMMON_BLOCKS = YES;
				GCC_WARN_64_TO_32_BIT_CONVERSION = YES;
				GCC_WARN_ABOUT_RETURN_TYPE = YES_ERROR;
				GCC_WARN_UNDECLARED_SELECTOR = YES;
				GCC_WARN_UNINITIALIZED_AUTOS = YES_AGGRESSIVE;
				GCC_WARN_UNUSED_FUNCTION = YES;
				GCC_WARN_UNUSED_VARIABLE = YES;
				MTL_ENABLE_DEBUG_INFO = NO;
				MTL_FAST_MATH = YES;
				SWIFT_COMPILATION_MODE = wholemodule;
				SWIFT_OPTIMIZATION_LEVEL = "-O";
			};
			name = Release;
		};
		52CBA87428E32A6B00C4DDF7 /* Debug */ = {
			isa = XCBuildConfiguration;
			buildSettings = {
				ASSETCATALOG_COMPILER_APPICON_NAME = AppIcon;
				ASSETCATALOG_COMPILER_GLOBAL_ACCENT_COLOR_NAME = AccentColor;
				CODE_SIGN_ENTITLEMENTS = MyFirstSwiftApp/MyFirstSwiftApp.entitlements;
				CODE_SIGN_STYLE = Automatic;
				CURRENT_PROJECT_VERSION = 1;
				DEVELOPMENT_ASSET_PATHS = "\"MyFirstSwiftApp/Preview Content\"";
				ENABLE_PREVIEWS = YES;
				GENERATE_INFOPLIST_FILE = YES;
				INFOPLIST_KEY_CFBundleDisplayName = Hello;
				"INFOPLIST_KEY_UIApplicationSceneManifest_Generation[sdk=iphoneos*]" = YES;
				"INFOPLIST_KEY_UIApplicationSceneManifest_Generation[sdk=iphonesimulator*]" = YES;
				"INFOPLIST_KEY_UIApplicationSupportsIndirectInputEvents[sdk=iphoneos*]" = YES;
				"INFOPLIST_KEY_UIApplicationSupportsIndirectInputEvents[sdk=iphonesimulator*]" = YES;
				"INFOPLIST_KEY_UILaunchScreen_Generation[sdk=iphoneos*]" = YES;
				"INFOPLIST_KEY_UILaunchScreen_Generation[sdk=iphonesimulator*]" = YES;
				INFOPLIST_KEY_UILaunchStoryboardName = "Launch Screen.storyboard";
				"INFOPLIST_KEY_UIStatusBarStyle[sdk=iphoneos*]" = UIStatusBarStyleDefault;
				"INFOPLIST_KEY_UIStatusBarStyle[sdk=iphonesimulator*]" = UIStatusBarStyleDefault;
				INFOPLIST_KEY_UISupportedInterfaceOrientations_iPad = "UIInterfaceOrientationPortrait UIInterfaceOrientationPortraitUpsideDown UIInterfaceOrientationLandscapeLeft UIInterfaceOrientationLandscapeRight";
				INFOPLIST_KEY_UISupportedInterfaceOrientations_iPhone = "UIInterfaceOrientationPortrait UIInterfaceOrientationLandscapeLeft UIInterfaceOrientationLandscapeRight";
				IPHONEOS_DEPLOYMENT_TARGET = 16.0;
				LD_RUNPATH_SEARCH_PATHS = "@executable_path/Frameworks";
				"LD_RUNPATH_SEARCH_PATHS[sdk=macosx*]" = "@executable_path/../Frameworks";
				MACOSX_DEPLOYMENT_TARGET = 12.3;
				MARKETING_VERSION = 1.0;
				PRODUCT_BUNDLE_IDENTIFIER = com.busra.MyFirstSwiftApp;
				PRODUCT_NAME = "$(TARGET_NAME)";
				SDKROOT = auto;
				SUPPORTED_PLATFORMS = "iphoneos iphonesimulator macosx";
				SWIFT_EMIT_LOC_STRINGS = YES;
				SWIFT_VERSION = 5.0;
				TARGETED_DEVICE_FAMILY = "1,2";
			};
			name = Debug;
		};
		52CBA87528E32A6B00C4DDF7 /* Release */ = {
			isa = XCBuildConfiguration;
			buildSettings = {
				ASSETCATALOG_COMPILER_APPICON_NAME = AppIcon;
				ASSETCATALOG_COMPILER_GLOBAL_ACCENT_COLOR_NAME = AccentColor;
				CODE_SIGN_ENTITLEMENTS = MyFirstSwiftApp/MyFirstSwiftApp.entitlements;
				CODE_SIGN_STYLE = Automatic;
				CURRENT_PROJECT_VERSION = 1;
				DEVELOPMENT_ASSET_PATHS = "\"MyFirstSwiftApp/Preview Content\"";
				ENABLE_PREVIEWS = YES;
				GENERATE_INFOPLIST_FILE = YES;
				INFOPLIST_KEY_CFBundleDisplayName = Hello;
				"INFOPLIST_KEY_UIApplicationSceneManifest_Generation[sdk=iphoneos*]" = YES;
				"INFOPLIST_KEY_UIApplicationSceneManifest_Generation[sdk=iphonesimulator*]" = YES;
				"INFOPLIST_KEY_UIApplicationSupportsIndirectInputEvents[sdk=iphoneos*]" = YES;
				"INFOPLIST_KEY_UIApplicationSupportsIndirectInputEvents[sdk=iphonesimulator*]" = YES;
				"INFOPLIST_KEY_UILaunchScreen_Generation[sdk=iphoneos*]" = YES;
				"INFOPLIST_KEY_UILaunchScreen_Generation[sdk=iphonesimulator*]" = YES;
				INFOPLIST_KEY_UILaunchStoryboardName = "Launch Screen.storyboard";
				"INFOPLIST_KEY_UIStatusBarStyle[sdk=iphoneos*]" = UIStatusBarStyleDefault;
				"INFOPLIST_KEY_UIStatusBarStyle[sdk=iphonesimulator*]" = UIStatusBarStyleDefault;
				INFOPLIST_KEY_UISupportedInterfaceOrientations_iPad = "UIInterfaceOrientationPortrait UIInterfaceOrientationPortraitUpsideDown UIInterfaceOrientationLandscapeLeft UIInterfaceOrientationLandscapeRight";
				INFOPLIST_KEY_UISupportedInterfaceOrientations_iPhone = "UIInterfaceOrientationPortrait UIInterfaceOrientationLandscapeLeft UIInterfaceOrientationLandscapeRight";
				IPHONEOS_DEPLOYMENT_TARGET = 16.0;
				LD_RUNPATH_SEARCH_PATHS = "@executable_path/Frameworks";
				"LD_RUNPATH_SEARCH_PATHS[sdk=macosx*]" = "@executable_path/../Frameworks";
				MACOSX_DEPLOYMENT_TARGET = 12.3;
				MARKETING_VERSION = 1.0;
				PRODUCT_BUNDLE_IDENTIFIER = com.busra.MyFirstSwiftApp;
				PRODUCT_NAME = "$(TARGET_NAME)";
				SDKROOT = auto;
				SUPPORTED_PLATFORMS = "iphoneos iphonesimulator macosx";
				SWIFT_EMIT_LOC_STRINGS = YES;
				SWIFT_VERSION = 5.0;
				TARGETED_DEVICE_FAMILY = "1,2";
			};
			name = Release;
		};
		52CBA87728E32A6B00C4DDF7 /* Debug */ = {
			isa = XCBuildConfiguration;
			buildSettings = {
				ALWAYS_EMBED_SWIFT_STANDARD_LIBRARIES = YES;
				BUNDLE_LOADER = "$(TEST_HOST)";
				CODE_SIGN_STYLE = Automatic;
				CURRENT_PROJECT_VERSION = 1;
				GENERATE_INFOPLIST_FILE = YES;
				IPHONEOS_DEPLOYMENT_TARGET = 16.0;
				MACOSX_DEPLOYMENT_TARGET = 12.3;
				MARKETING_VERSION = 1.0;
				PRODUCT_BUNDLE_IDENTIFIER = com.busra.MyFirstSwiftAppTests;
				PRODUCT_NAME = "$(TARGET_NAME)";
				SDKROOT = auto;
				SUPPORTED_PLATFORMS = "iphoneos iphonesimulator macosx";
				SWIFT_EMIT_LOC_STRINGS = NO;
				SWIFT_VERSION = 5.0;
				TARGETED_DEVICE_FAMILY = "1,2";
				TEST_HOST = "$(BUILT_PRODUCTS_DIR)/MyFirstSwiftApp.app/$(BUNDLE_EXECUTABLE_FOLDER_PATH)/MyFirstSwiftApp";
			};
			name = Debug;
		};
		52CBA87828E32A6B00C4DDF7 /* Release */ = {
			isa = XCBuildConfiguration;
			buildSettings = {
				ALWAYS_EMBED_SWIFT_STANDARD_LIBRARIES = YES;
				BUNDLE_LOADER = "$(TEST_HOST)";
				CODE_SIGN_STYLE = Automatic;
				CURRENT_PROJECT_VERSION = 1;
				GENERATE_INFOPLIST_FILE = YES;
				IPHONEOS_DEPLOYMENT_TARGET = 16.0;
				MACOSX_DEPLOYMENT_TARGET = 12.3;
				MARKETING_VERSION = 1.0;
				PRODUCT_BUNDLE_IDENTIFIER = com.busra.MyFirstSwiftAppTests;
				PRODUCT_NAME = "$(TARGET_NAME)";
				SDKROOT = auto;
				SUPPORTED_PLATFORMS = "iphoneos iphonesimulator macosx";
				SWIFT_EMIT_LOC_STRINGS = NO;
				SWIFT_VERSION = 5.0;
				TARGETED_DEVICE_FAMILY = "1,2";
				TEST_HOST = "$(BUILT_PRODUCTS_DIR)/MyFirstSwiftApp.app/$(BUNDLE_EXECUTABLE_FOLDER_PATH)/MyFirstSwiftApp";
			};
			name = Release;
		};
		52CBA87A28E32A6B00C4DDF7 /* Debug */ = {
			isa = XCBuildConfiguration;
			buildSettings = {
				ALWAYS_EMBED_SWIFT_STANDARD_LIBRARIES = YES;
				CODE_SIGN_STYLE = Automatic;
				CURRENT_PROJECT_VERSION = 1;
				GENERATE_INFOPLIST_FILE = YES;
				IPHONEOS_DEPLOYMENT_TARGET = 16.0;
				MACOSX_DEPLOYMENT_TARGET = 12.3;
				MARKETING_VERSION = 1.0;
				PRODUCT_BUNDLE_IDENTIFIER = com.busra.MyFirstSwiftAppUITests;
				PRODUCT_NAME = "$(TARGET_NAME)";
				SDKROOT = auto;
				SUPPORTED_PLATFORMS = "iphoneos iphonesimulator macosx";
				SWIFT_EMIT_LOC_STRINGS = NO;
				SWIFT_VERSION = 5.0;
				TARGETED_DEVICE_FAMILY = "1,2";
				TEST_TARGET_NAME = MyFirstSwiftApp;
			};
			name = Debug;
		};
		52CBA87B28E32A6B00C4DDF7 /* Release */ = {
			isa = XCBuildConfiguration;
			buildSettings = {
				ALWAYS_EMBED_SWIFT_STANDARD_LIBRARIES = YES;
				CODE_SIGN_STYLE = Automatic;
				CURRENT_PROJECT_VERSION = 1;
				GENERATE_INFOPLIST_FILE = YES;
				IPHONEOS_DEPLOYMENT_TARGET = 16.0;
				MACOSX_DEPLOYMENT_TARGET = 12.3;
				MARKETING_VERSION = 1.0;
				PRODUCT_BUNDLE_IDENTIFIER = com.busra.MyFirstSwiftAppUITests;
				PRODUCT_NAME = "$(TARGET_NAME)";
				SDKROOT = auto;
				SUPPORTED_PLATFORMS = "iphoneos iphonesimulator macosx";
				SWIFT_EMIT_LOC_STRINGS = NO;
				SWIFT_VERSION = 5.0;
				TARGETED_DEVICE_FAMILY = "1,2";
				TEST_TARGET_NAME = MyFirstSwiftApp;
			};
			name = Release;
		};
/* End XCBuildConfiguration section */

/* Begin XCConfigurationList section */
		52CBA84928E32A6800C4DDF7 /* Build configuration list for PBXProject "MyFirstSwiftApp" */ = {
			isa = XCConfigurationList;
			buildConfigurations = (
				52CBA87128E32A6B00C4DDF7 /* Debug */,
				52CBA87228E32A6B00C4DDF7 /* Release */,
			);
			defaultConfigurationIsVisible = 0;
			defaultConfigurationName = Release;
		};
		52CBA87328E32A6B00C4DDF7 /* Build configuration list for PBXNativeTarget "MyFirstSwiftApp" */ = {
			isa = XCConfigurationList;
			buildConfigurations = (
				52CBA87428E32A6B00C4DDF7 /* Debug */,
				52CBA87528E32A6B00C4DDF7 /* Release */,
			);
			defaultConfigurationIsVisible = 0;
			defaultConfigurationName = Release;
		};
		52CBA87628E32A6B00C4DDF7 /* Build configuration list for PBXNativeTarget "MyFirstSwiftAppTests" */ = {
			isa = XCConfigurationList;
			buildConfigurations = (
				52CBA87728E32A6B00C4DDF7 /* Debug */,
				52CBA87828E32A6B00C4DDF7 /* Release */,
			);
			defaultConfigurationIsVisible = 0;
			defaultConfigurationName = Release;
		};
		52CBA87928E32A6B00C4DDF7 /* Build configuration list for PBXNativeTarget "MyFirstSwiftAppUITests" */ = {
			isa = XCConfigurationList;
			buildConfigurations = (
				52CBA87A28E32A6B00C4DDF7 /* Debug */,
				52CBA87B28E32A6B00C4DDF7 /* Release */,
			);
			defaultConfigurationIsVisible = 0;
			defaultConfigurationName = Release;
		};
/* End XCConfigurationList section */
	};
	rootObject = 52CBA84628E32A6800C4DDF7 /* Project object */;
}
